// !$*UTF8*$!
{
	archiveVersion = 1;
	classes = {
	};
	objectVersion = 46;
	objects = {

/* Begin PBXBuildFile section */
		811DCC2218D9843F008BE547 /* Foundation.framework in Frameworks */ = {isa = PBXBuildFile; fileRef = 811DCC2118D9843F008BE547 /* Foundation.framework */; };
		811DCC2418D9843F008BE547 /* CoreGraphics.framework in Frameworks */ = {isa = PBXBuildFile; fileRef = 811DCC2318D9843F008BE547 /* CoreGraphics.framework */; };
		811DCC2618D9843F008BE547 /* UIKit.framework in Frameworks */ = {isa = PBXBuildFile; fileRef = 811DCC2518D9843F008BE547 /* UIKit.framework */; };
		811DCC2C18D9843F008BE547 /* InfoPlist.strings in Resources */ = {isa = PBXBuildFile; fileRef = 811DCC2A18D9843F008BE547 /* InfoPlist.strings */; };
		811DCC2E18D9843F008BE547 /* main.m in Sources */ = {isa = PBXBuildFile; fileRef = 811DCC2D18D9843F008BE547 /* main.m */; };
		811DCC3218D9843F008BE547 /* LEAppDelegate.m in Sources */ = {isa = PBXBuildFile; fileRef = 811DCC3118D9843F008BE547 /* LEAppDelegate.m */; };
		811DCC3518D9843F008BE547 /* Main.storyboard in Resources */ = {isa = PBXBuildFile; fileRef = 811DCC3318D9843F008BE547 /* Main.storyboard */; };
		811DCC3818D9843F008BE547 /* LEViewController.m in Sources */ = {isa = PBXBuildFile; fileRef = 811DCC3718D9843F008BE547 /* LEViewController.m */; };
		811DCC3A18D9843F008BE547 /* Images.xcassets in Resources */ = {isa = PBXBuildFile; fileRef = 811DCC3918D9843F008BE547 /* Images.xcassets */; };
		811DCC4118D9843F008BE547 /* XCTest.framework in Frameworks */ = {isa = PBXBuildFile; fileRef = 811DCC4018D9843F008BE547 /* XCTest.framework */; };
		811DCC4218D9843F008BE547 /* Foundation.framework in Frameworks */ = {isa = PBXBuildFile; fileRef = 811DCC2118D9843F008BE547 /* Foundation.framework */; };
		811DCC4318D9843F008BE547 /* UIKit.framework in Frameworks */ = {isa = PBXBuildFile; fileRef = 811DCC2518D9843F008BE547 /* UIKit.framework */; };
		811DCC4B18D9843F008BE547 /* InfoPlist.strings in Resources */ = {isa = PBXBuildFile; fileRef = 811DCC4918D9843F008BE547 /* InfoPlist.strings */; };
		811DCC4D18D9843F008BE547 /* UITableViewController_Challenge_SolutionTests.m in Sources */ = {isa = PBXBuildFile; fileRef = 811DCC4C18D9843F008BE547 /* UITableViewController_Challenge_SolutionTests.m */; };
/* End PBXBuildFile section */

/* Begin PBXContainerItemProxy section */
		811DCC4418D9843F008BE547 /* PBXContainerItemProxy */ = {
			isa = PBXContainerItemProxy;
			containerPortal = 811DCC1618D9843F008BE547 /* Project object */;
			proxyType = 1;
			remoteGlobalIDString = 811DCC1D18D9843F008BE547;
			remoteInfo = "UITableViewController Challenge Solution";
		};
/* End PBXContainerItemProxy section */

/* Begin PBXFileReference section */
		811DCC1E18D9843F008BE547 /* UITableViewController Challenge Solution.app */ = {isa = PBXFileReference; explicitFileType = wrapper.application; includeInIndex = 0; path = "UITableViewController Challenge Solution.app"; sourceTree = BUILT_PRODUCTS_DIR; };
		811DCC2118D9843F008BE547 /* Foundation.framework */ = {isa = PBXFileReference; lastKnownFileType = wrapper.framework; name = Foundation.framework; path = System/Library/Frameworks/Foundation.framework; sourceTree = SDKROOT; };
		811DCC2318D9843F008BE547 /* CoreGraphics.framework */ = {isa = PBXFileReference; lastKnownFileType = wrapper.framework; name = CoreGraphics.framework; path = System/Library/Frameworks/CoreGraphics.framework; sourceTree = SDKROOT; };
		811DCC2518D9843F008BE547 /* UIKit.framework */ = {isa = PBXFileReference; lastKnownFileType = wrapper.framework; name = UIKit.framework; path = System/Library/Frameworks/UIKit.framework; sourceTree = SDKROOT; };
		811DCC2918D9843F008BE547 /* UITableViewController Challenge Solution-Info.plist */ = {isa = PBXFileReference; lastKnownFileType = text.plist.xml; path = "UITableViewController Challenge Solution-Info.plist"; sourceTree = "<group>"; };
		811DCC2B18D9843F008BE547 /* en */ = {isa = PBXFileReference; lastKnownFileType = text.plist.strings; name = en; path = en.lproj/InfoPlist.strings; sourceTree = "<group>"; };
		811DCC2D18D9843F008BE547 /* main.m */ = {isa = PBXFileReference; lastKnownFileType = sourcecode.c.objc; path = main.m; sourceTree = "<group>"; };
		811DCC2F18D9843F008BE547 /* UITableViewController Challenge Solution-Prefix.pch */ = {isa = PBXFileReference; lastKnownFileType = sourcecode.c.h; path = "UITableViewController Challenge Solution-Prefix.pch"; sourceTree = "<group>"; };
		811DCC3018D9843F008BE547 /* LEAppDelegate.h */ = {isa = PBXFileReference; lastKnownFileType = sourcecode.c.h; path = LEAppDelegate.h; sourceTree = "<group>"; };
		811DCC3118D9843F008BE547 /* LEAppDelegate.m */ = {isa = PBXFileReference; lastKnownFileType = sourcecode.c.objc; path = LEAppDelegate.m; sourceTree = "<group>"; };
		811DCC3418D9843F008BE547 /* Base */ = {isa = PBXFileReference; lastKnownFileType = file.storyboard; name = Base; path = Base.lproj/Main.storyboard; sourceTree = "<group>"; };
		811DCC3618D9843F008BE547 /* LEViewController.h */ = {isa = PBXFileReference; lastKnownFileType = sourcecode.c.h; path = LEViewController.h; sourceTree = "<group>"; };
		811DCC3718D9843F008BE547 /* LEViewController.m */ = {isa = PBXFileReference; lastKnownFileType = sourcecode.c.objc; path = LEViewController.m; sourceTree = "<group>"; };
		811DCC3918D9843F008BE547 /* Images.xcassets */ = {isa = PBXFileReference; lastKnownFileType = folder.assetcatalog; path = Images.xcassets; sourceTree = "<group>"; };
		811DCC3F18D9843F008BE547 /* UITableViewController Challenge SolutionTests.xctest */ = {isa = PBXFileReference; explicitFileType = wrapper.cfbundle; includeInIndex = 0; path = "UITableViewController Challenge SolutionTests.xctest"; sourceTree = BUILT_PRODUCTS_DIR; };
		811DCC4018D9843F008BE547 /* XCTest.framework */ = {isa = PBXFileReference; lastKnownFileType = wrapper.framework; name = XCTest.framework; path = Library/Frameworks/XCTest.framework; sourceTree = DEVELOPER_DIR; };
		811DCC4818D9843F008BE547 /* UITableViewController Challenge SolutionTests-Info.plist */ = {isa = PBXFileReference; lastKnownFileType = text.plist.xml; path = "UITableViewController Challenge SolutionTests-Info.plist"; sourceTree = "<group>"; };
		811DCC4A18D9843F008BE547 /* en */ = {isa = PBXFileReference; lastKnownFileType = text.plist.strings; name = en; path = en.lproj/InfoPlist.strings; sourceTree = "<group>"; };
		811DCC4C18D9843F008BE547 /* UITableViewController_Challenge_SolutionTests.m */ = {isa = PBXFileReference; lastKnownFileType = sourcecode.c.objc; path = UITableViewController_Challenge_SolutionTests.m; sourceTree = "<group>"; };
/* End PBXFileReference section */

/* Begin PBXFrameworksBuildPhase section */
		811DCC1B18D9843F008BE547 /* Frameworks */ = {
			isa = PBXFrameworksBuildPhase;
			buildActionMask = 2147483647;
			files = (
				811DCC2418D9843F008BE547 /* CoreGraphics.framework in Frameworks */,
				811DCC2618D9843F008BE547 /* UIKit.framework in Frameworks */,
				811DCC2218D9843F008BE547 /* Foundation.framework in Frameworks */,
			);
			runOnlyForDeploymentPostprocessing = 0;
		};
		811DCC3C18D9843F008BE547 /* Frameworks */ = {
			isa = PBXFrameworksBuildPhase;
			buildActionMask = 2147483647;
			files = (
				811DCC4118D9843F008BE547 /* XCTest.framework in Frameworks */,
				811DCC4318D9843F008BE547 /* UIKit.framework in Frameworks */,
				811DCC4218D9843F008BE547 /* Foundation.framework in Frameworks */,
			);
			runOnlyForDeploymentPostprocessing = 0;
		};
/* End PBXFrameworksBuildPhase section */

/* Begin PBXGroup section */
		811DCC1518D9843F008BE547 = {
			isa = PBXGroup;
			children = (
				811DCC2718D9843F008BE547 /* UITableViewController Challenge Solution */,
				811DCC4618D9843F008BE547 /* UITableViewController Challenge SolutionTests */,
				811DCC2018D9843F008BE547 /* Frameworks */,
				811DCC1F18D9843F008BE547 /* Products */,
			);
			sourceTree = "<group>";
		};
		811DCC1F18D9843F008BE547 /* Products */ = {
			isa = PBXGroup;
			children = (
				811DCC1E18D9843F008BE547 /* UITableViewController Challenge Solution.app */,
				811DCC3F18D9843F008BE547 /* UITableViewController Challenge SolutionTests.xctest */,
			);
			name = Products;
			sourceTree = "<group>";
		};
		811DCC2018D9843F008BE547 /* Frameworks */ = {
			isa = PBXGroup;
			children = (
				811DCC2118D9843F008BE547 /* Foundation.framework */,
				811DCC2318D9843F008BE547 /* CoreGraphics.framework */,
				811DCC2518D9843F008BE547 /* UIKit.framework */,
				811DCC4018D9843F008BE547 /* XCTest.framework */,
			);
			name = Frameworks;
			sourceTree = "<group>";
		};
		811DCC2718D9843F008BE547 /* UITableViewController Challenge Solution */ = {
			isa = PBXGroup;
			children = (
				811DCC3018D9843F008BE547 /* LEAppDelegate.h */,
				811DCC3118D9843F008BE547 /* LEAppDelegate.m */,
				811DCC3318D9843F008BE547 /* Main.storyboard */,
				811DCC3618D9843F008BE547 /* LEViewController.h */,
				811DCC3718D9843F008BE547 /* LEViewController.m */,
				811DCC3918D9843F008BE547 /* Images.xcassets */,
				811DCC2818D9843F008BE547 /* Supporting Files */,
			);
			path = "UITableViewController Challenge Solution";
			sourceTree = "<group>";
		};
		811DCC2818D9843F008BE547 /* Supporting Files */ = {
			isa = PBXGroup;
			children = (
				811DCC2918D9843F008BE547 /* UITableViewController Challenge Solution-Info.plist */,
				811DCC2A18D9843F008BE547 /* InfoPlist.strings */,
				811DCC2D18D9843F008BE547 /* main.m */,
				811DCC2F18D9843F008BE547 /* UITableViewController Challenge Solution-Prefix.pch */,
			);
			name = "Supporting Files";
			sourceTree = "<group>";
		};
		811DCC4618D9843F008BE547 /* UITableViewController Challenge SolutionTests */ = {
			isa = PBXGroup;
			children = (
				811DCC4C18D9843F008BE547 /* UITableViewController_Challenge_SolutionTests.m */,
				811DCC4718D9843F008BE547 /* Supporting Files */,
			);
			path = "UITableViewController Challenge SolutionTests";
			sourceTree = "<group>";
		};
		811DCC4718D9843F008BE547 /* Supporting Files */ = {
			isa = PBXGroup;
			children = (
				811DCC4818D9843F008BE547 /* UITableViewController Challenge SolutionTests-Info.plist */,
				811DCC4918D9843F008BE547 /* InfoPlist.strings */,
			);
			name = "Supporting Files";
			sourceTree = "<group>";
		};
/* End PBXGroup section */

/* Begin PBXNativeTarget section */
		811DCC1D18D9843F008BE547 /* UITableViewController Challenge Solution */ = {
			isa = PBXNativeTarget;
			buildConfigurationList = 811DCC5018D9843F008BE547 /* Build configuration list for PBXNativeTarget "UITableViewController Challenge Solution" */;
			buildPhases = (
				811DCC1A18D9843F008BE547 /* Sources */,
				811DCC1B18D9843F008BE547 /* Frameworks */,
				811DCC1C18D9843F008BE547 /* Resources */,
			);
			buildRules = (
			);
			dependencies = (
			);
			name = "UITableViewController Challenge Solution";
			productName = "UITableViewController Challenge Solution";
			productReference = 811DCC1E18D9843F008BE547 /* UITableViewController Challenge Solution.app */;
			productType = "com.apple.product-type.application";
		};
		811DCC3E18D9843F008BE547 /* UITableViewController Challenge SolutionTests */ = {
			isa = PBXNativeTarget;
			buildConfigurationList = 811DCC5318D9843F008BE547 /* Build configuration list for PBXNativeTarget "UITableViewController Challenge SolutionTests" */;
			buildPhases = (
				811DCC3B18D9843F008BE547 /* Sources */,
				811DCC3C18D9843F008BE547 /* Frameworks */,
				811DCC3D18D9843F008BE547 /* Resources */,
			);
			buildRules = (
			);
			dependencies = (
				811DCC4518D9843F008BE547 /* PBXTargetDependency */,
			);
			name = "UITableViewController Challenge SolutionTests";
			productName = "UITableViewController Challenge SolutionTests";
			productReference = 811DCC3F18D9843F008BE547 /* UITableViewController Challenge SolutionTests.xctest */;
			productType = "com.apple.product-type.bundle.unit-test";
		};
/* End PBXNativeTarget section */

/* Begin PBXProject section */
		811DCC1618D9843F008BE547 /* Project object */ = {
			isa = PBXProject;
			attributes = {
				CLASSPREFIX = LE;
				LastUpgradeCheck = 0510;
				ORGANIZATIONNAME = " Leo Eddy";
				TargetAttributes = {
					811DCC3E18D9843F008BE547 = {
						TestTargetID = 811DCC1D18D9843F008BE547;
					};
				};
			};
			buildConfigurationList = 811DCC1918D9843F008BE547 /* Build configuration list for PBXProject "UITableViewController Challenge Solution" */;
			compatibilityVersion = "Xcode 3.2";
			developmentRegion = English;
			hasScannedForEncodings = 0;
			knownRegions = (
				en,
				Base,
			);
			mainGroup = 811DCC1518D9843F008BE547;
			productRefGroup = 811DCC1F18D9843F008BE547 /* Products */;
			projectDirPath = "";
			projectRoot = "";
			targets = (
				811DCC1D18D9843F008BE547 /* UITableViewController Challenge Solution */,
				811DCC3E18D9843F008BE547 /* UITableViewController Challenge SolutionTests */,
			);
		};
/* End PBXProject section */

/* Begin PBXResourcesBuildPhase section */
		811DCC1C18D9843F008BE547 /* Resources */ = {
			isa = PBXResourcesBuildPhase;
			buildActionMask = 2147483647;
			files = (
				811DCC3A18D9843F008BE547 /* Images.xcassets in Resources */,
				811DCC2C18D9843F008BE547 /* InfoPlist.strings in Resources */,
				811DCC3518D9843F008BE547 /* Main.storyboard in Resources */,
			);
			runOnlyForDeploymentPostprocessing = 0;
		};
		811DCC3D18D9843F008BE547 /* Resources */ = {
			isa = PBXResourcesBuildPhase;
			buildActionMask = 2147483647;
			files = (
				811DCC4B18D9843F008BE547 /* InfoPlist.strings in Resources */,
			);
			runOnlyForDeploymentPostprocessing = 0;
		};
/* End PBXResourcesBuildPhase section */

/* Begin PBXSourcesBuildPhase section */
		811DCC1A18D9843F008BE547 /* Sources */ = {
			isa = PBXSourcesBuildPhase;
			buildActionMask = 2147483647;
			files = (
				811DCC2E18D9843F008BE547 /* main.m in Sources */,
				811DCC3218D9843F008BE547 /* LEAppDelegate.m in Sources */,
				811DCC3818D9843F008BE547 /* LEViewController.m in Sources */,
			);
			runOnlyForDeploymentPostprocessing = 0;
		};
		811DCC3B18D9843F008BE547 /* Sources */ = {
			isa = PBXSourcesBuildPhase;
			buildActionMask = 2147483647;
			files = (
				811DCC4D18D9843F008BE547 /* UITableViewController_Challenge_SolutionTests.m in Sources */,
			);
			runOnlyForDeploymentPostprocessing = 0;
		};
/* End PBXSourcesBuildPhase section */

/* Begin PBXTargetDependency section */
		811DCC4518D9843F008BE547 /* PBXTargetDependency */ = {
			isa = PBXTargetDependency;
			target = 811DCC1D18D9843F008BE547 /* UITableViewController Challenge Solution */;
			targetProxy = 811DCC4418D9843F008BE547 /* PBXContainerItemProxy */;
		};
/* End PBXTargetDependency section */

/* Begin PBXVariantGroup section */
		811DCC2A18D9843F008BE547 /* InfoPlist.strings */ = {
			isa = PBXVariantGroup;
			children = (
				811DCC2B18D9843F008BE547 /* en */,
			);
			name = InfoPlist.strings;
			sourceTree = "<group>";
		};
		811DCC3318D9843F008BE547 /* Main.storyboard */ = {
			isa = PBXVariantGroup;
			children = (
				811DCC3418D9843F008BE547 /* Base */,
			);
			name = Main.storyboard;
			sourceTree = "<group>";
		};
		811DCC4918D9843F008BE547 /* InfoPlist.strings */ = {
			isa = PBXVariantGroup;
			children = (
				811DCC4A18D9843F008BE547 /* en */,
			);
			name = InfoPlist.strings;
			sourceTree = "<group>";
		};
/* End PBXVariantGroup section */

/* Begin XCBuildConfiguration section */
		811DCC4E18D9843F008BE547 /* Debug */ = {
			isa = XCBuildConfiguration;
			buildSettings = {
				ALWAYS_SEARCH_USER_PATHS = NO;
				CLANG_CXX_LANGUAGE_STANDARD = "gnu++0x";
				CLANG_CXX_LIBRARY = "libc++";
				CLANG_ENABLE_MODULES = YES;
				CLANG_ENABLE_OBJC_ARC = YES;
				CLANG_WARN_BOOL_CONVERSION = YES;
				CLANG_WARN_CONSTANT_CONVERSION = YES;
				CLANG_WARN_DIRECT_OBJC_ISA_USAGE = YES_ERROR;
				CLANG_WARN_EMPTY_BODY = YES;
				CLANG_WARN_ENUM_CONVERSION = YES;
				CLANG_WARN_INT_CONVERSION = YES;
				CLANG_WARN_OBJC_ROOT_CLASS = YES_ERROR;
				CLANG_WARN__DUPLICATE_METHOD_MATCH = YES;
				"CODE_SIGN_IDENTITY[sdk=iphoneos*]" = "iPhone Developer";
				COPY_PHASE_STRIP = NO;
				GCC_C_LANGUAGE_STANDARD = gnu99;
				GCC_DYNAMIC_NO_PIC = NO;
				GCC_OPTIMIZATION_LEVEL = 0;
				GCC_PREPROCESSOR_DEFINITIONS = (
					"DEBUG=1",
					"$(inherited)",
				);
				GCC_SYMBOLS_PRIVATE_EXTERN = NO;
				GCC_WARN_64_TO_32_BIT_CONVERSION = YES;
				GCC_WARN_ABOUT_RETURN_TYPE = YES_ERROR;
				GCC_WARN_UNDECLARED_SELECTOR = YES;
				GCC_WARN_UNINITIALIZED_AUTOS = YES_AGGRESSIVE;
				GCC_WARN_UNUSED_FUNCTION = YES;
				GCC_WARN_UNUSED_VARIABLE = YES;
				IPHONEOS_DEPLOYMENT_TARGET = 7.1;
				ONLY_ACTIVE_ARCH = YES;
				SDKROOT = iphoneos;
			};
			name = Debug;
		};
		811DCC4F18D9843F008BE547 /* Release */ = {
			isa = XCBuildConfiguration;
			buildSettings = {
				ALWAYS_SEARCH_USER_PATHS = NO;
				CLANG_CXX_LANGUAGE_STANDARD = "gnu++0x";
				CLANG_CXX_LIBRARY = "libc++";
				CLANG_ENABLE_MODULES = YES;
				CLANG_ENABLE_OBJC_ARC = YES;
				CLANG_WARN_BOOL_CONVERSION = YES;
				CLANG_WARN_CONSTANT_CONVERSION = YES;
				CLANG_WARN_DIRECT_OBJC_ISA_USAGE = YES_ERROR;
				CLANG_WARN_EMPTY_BODY = YES;
				CLANG_WARN_ENUM_CONVERSION = YES;
				CLANG_WARN_INT_CONVERSION = YES;
				CLANG_WARN_OBJC_ROOT_CLASS = YES_ERROR;
				CLANG_WARN__DUPLICATE_METHOD_MATCH = YES;
				"CODE_SIGN_IDENTITY[sdk=iphoneos*]" = "iPhone Developer";
				COPY_PHASE_STRIP = YES;
				ENABLE_NS_ASSERTIONS = NO;
				GCC_C_LANGUAGE_STANDARD = gnu99;
				GCC_WARN_64_TO_32_BIT_CONVERSION = YES;
				GCC_WARN_ABOUT_RETURN_TYPE = YES_ERROR;
				GCC_WARN_UNDECLARED_SELECTOR = YES;
				GCC_WARN_UNINITIALIZED_AUTOS = YES_AGGRESSIVE;
				GCC_WARN_UNUSED_FUNCTION = YES;
				GCC_WARN_UNUSED_VARIABLE = YES;
				IPHONEOS_DEPLOYMENT_TARGET = 7.1;
				SDKROOT = iphoneos;
				VALIDATE_PRODUCT = YES;
			};
			name = Release;
		};
		811DCC5118D9843F008BE547 /* Debug */ = {
			isa = XCBuildConfiguration;
			buildSettings = {
				ASSETCATALOG_COMPILER_APPICON_NAME = AppIcon;
				ASSETCATALOG_COMPILER_LAUNCHIMAGE_NAME = LaunchImage;
				GCC_PRECOMPILE_PREFIX_HEADER = YES;
				GCC_PREFIX_HEADER = "UITableViewController Challenge Solution/UITableViewController Challenge Solution-Prefix.pch";
				INFOPLIST_FILE = "UITableViewController Challenge Solution/UITableViewController Challenge Solution-Info.plist";
				PRODUCT_NAME = "$(TARGET_NAME)";
				WRAPPER_EXTENSION = app;
			};
			name = Debug;
		};
		811DCC5218D9843F008BE547 /* Release */ = {
			isa = XCBuildConfiguration;
			buildSettings = {
				ASSETCATALOG_COMPILER_APPICON_NAME = AppIcon;
				ASSETCATALOG_COMPILER_LAUNCHIMAGE_NAME = LaunchImage;
				GCC_PRECOMPILE_PREFIX_HEADER = YES;
				GCC_PREFIX_HEADER = "UITableViewController Challenge Solution/UITableViewController Challenge Solution-Prefix.pch";
				INFOPLIST_FILE = "UITableViewController Challenge Solution/UITableViewController Challenge Solution-Info.plist";
				PRODUCT_NAME = "$(TARGET_NAME)";
				WRAPPER_EXTENSION = app;
			};
			name = Release;
		};
		811DCC5418D9843F008BE547 /* Debug */ = {
			isa = XCBuildConfiguration;
			buildSettings = {
				BUNDLE_LOADER = "$(BUILT_PRODUCTS_DIR)/UITableViewController Challenge Solution.app/UITableViewController Challenge Solution";
				FRAMEWORK_SEARCH_PATHS = (
					"$(SDKROOT)/Developer/Library/Frameworks",
					"$(inherited)",
					"$(DEVELOPER_FRAMEWORKS_DIR)",
				);
				GCC_PRECOMPILE_PREFIX_HEADER = YES;
				GCC_PREFIX_HEADER = "UITableViewController Challenge Solution/UITableViewController Challenge Solution-Prefix.pch";
				GCC_PREPROCESSOR_DEFINITIONS = (
					"DEBUG=1",
					"$(inherited)",
				);
				INFOPLIST_FILE = "UITableViewController Challenge SolutionTests/UITableViewController Challenge SolutionTests-Info.plist";
				PRODUCT_NAME = "$(TARGET_NAME)";
				TEST_HOST = "$(BUNDLE_LOADER)";
				WRAPPER_EXTENSION = xctest;
			};
			name = Debug;
		};
		811DCC5518D9843F008BE547 /* Release */ = {
			isa = XCBuildConfiguration;
			buildSettings = {
				BUNDLE_LOADER = "$(BUILT_PRODUCTS_DIR)/UITableViewController Challenge Solution.app/UITableViewController Challenge Solution";
				FRAMEWORK_SEARCH_PATHS = (
					"$(SDKROOT)/Developer/Library/Frameworks",
					"$(inherited)",
					"$(DEVELOPER_FRAMEWORKS_DIR)",
				);
				GCC_PRECOMPILE_PREFIX_HEADER = YES;
				GCC_PREFIX_HEADER = "UITableViewController Challenge Solution/UITableViewController Challenge Solution-Prefix.pch";
				INFOPLIST_FILE = "UITableViewController Challenge SolutionTests/UITableViewController Challenge SolutionTests-Info.plist";
				PRODUCT_NAME = "$(TARGET_NAME)";
				TEST_HOST = "$(BUNDLE_LOADER)";
				WRAPPER_EXTENSION = xctest;
			};
			name = Release;
		};
/* End XCBuildConfiguration section */

/* Begin XCConfigurationList section */
		811DCC1918D9843F008BE547 /* Build configuration list for PBXProject "UITableViewController Challenge Solution" */ = {
			isa = XCConfigurationList;
			buildConfigurations = (
				811DCC4E18D9843F008BE547 /* Debug */,
				811DCC4F18D9843F008BE547 /* Release */,
			);
			defaultConfigurationIsVisible = 0;
			defaultConfigurationName = Release;
		};
		811DCC5018D9843F008BE547 /* Build configuration list for PBXNativeTarget "UITableViewController Challenge Solution" */ = {
			isa = XCConfigurationList;
			buildConfigurations = (
				811DCC5118D9843F008BE547 /* Debug */,
				811DCC5218D9843F008BE547 /* Release */,
			);
			defaultConfigurationIsVisible = 0;
		};
		811DCC5318D9843F008BE547 /* Build configuration list for PBXNativeTarget "UITableViewController Challenge SolutionTests" */ = {
			isa = XCConfigurationList;
			buildConfigurations = (
				811DCC5418D9843F008BE547 /* Debug */,
				811DCC5518D9843F008BE547 /* Release */,
			);
			defaultConfigurationIsVisible = 0;
		};
/* End XCConfigurationList section */
	};
	rootObject = 811DCC1618D9843F008BE547 /* Project object */;
}
